
Microsoft Visual Studio Solution File, Format Version 12.00
# Visual Studio Version 16
VisualStudioVersion = 16.0.32228.343
MinimumVisualStudioVersion = 10.0.40219.1
Project("{FAE04EC0-301F-11D3-BF4B-00C04F79EFBC}") = "SoftTech_TQ_Training", "SoftTech_TQ_Training.csproj", "{91C593D2-8FF7-4D40-9583-7BD78CAAF77C}"
EndProject
Global
	GlobalSection(SolutionConfigurationPlatforms) = preSolution
		Debug|Any CPU = Debug|Any CPU
		Release|Any CPU = Release|Any CPU
	EndGlobalSection
	GlobalSection(ProjectConfigurationPlatforms) = postSolution
		{91C593D2-8FF7-4D40-9583-7BD78CAAF77C}.Debug|Any CPU.ActiveCfg = Debug|Any CPU
		{91C593D2-8FF7-4D40-9583-7BD78CAAF77C}.Debug|Any CPU.Build.0 = Debug|Any CPU
		{91C593D2-8FF7-4D40-9583-7BD78CAAF77C}.Release|Any CPU.ActiveCfg = Release|Any CPU
		{91C593D2-8FF7-4D40-9583-7BD78CAAF77C}.Release|Any CPU.Build.0 = Release|Any CPU
	EndGlobalSection
	GlobalSection(SolutionProperties) = preSolution
		HideSolutionNode = FALSE
	EndGlobalSection
	GlobalSection(ExtensibilityGlobals) = postSolution
		SolutionGuid = {6FEAC578-4B41-41FE-992E-6CCB2F2F61B8}
	EndGlobalSection
EndGlobal
